// !$*UTF8*$!
{
	archiveVersion = 1;
	classes = {
	};
	objectVersion = 56;
	objects = {

/* Begin PBXBuildFile section */
		8B6FEBE22D5CC4D90010CA50 /* ViewState.swift in Sources */ = {isa = PBXBuildFile; fileRef = 8B6FEBE12D5CC4D90010CA50 /* ViewState.swift */; };
		8B6FEBE72D5CE12D0010CA50 /* MovieCategory.swift in Sources */ = {isa = PBXBuildFile; fileRef = 8B6FEBE62D5CE12D0010CA50 /* MovieCategory.swift */; };
		8B6FEBEA2D5CE1550010CA50 /* MovieRepositoryProtocol.swift in Sources */ = {isa = PBXBuildFile; fileRef = 8B6FEBE92D5CE1550010CA50 /* MovieRepositoryProtocol.swift */; };
		8B6FEBED2D5CE1930010CA50 /* FetchMoviesUseCase.swift in Sources */ = {isa = PBXBuildFile; fileRef = 8B6FEBEC2D5CE1930010CA50 /* FetchMoviesUseCase.swift */; };
		8B6FEBF12D5CE1C40010CA50 /* MovieRepository.swift in Sources */ = {isa = PBXBuildFile; fileRef = 8B6FEBF02D5CE1C40010CA50 /* MovieRepository.swift */; };
		8B6FEBF42D5CE1E50010CA50 /* MovieRemoteDataSourceProtocol.swift in Sources */ = {isa = PBXBuildFile; fileRef = 8B6FEBF32D5CE1E50010CA50 /* MovieRemoteDataSourceProtocol.swift */; };
		8B6FEBF62D5CE2010010CA50 /* MovieLocalDataSourceProtocol.swift in Sources */ = {isa = PBXBuildFile; fileRef = 8B6FEBF52D5CE2010010CA50 /* MovieLocalDataSourceProtocol.swift */; };
		8B6FEBFC2D5CE28E0010CA50 /* MovieLocalDataSource.swift in Sources */ = {isa = PBXBuildFile; fileRef = 8B6FEBFB2D5CE28E0010CA50 /* MovieLocalDataSource.swift */; };
		8B6FEBFF2D5CE2C20010CA50 /* MovieCacheProtocol.swift in Sources */ = {isa = PBXBuildFile; fileRef = 8B6FEBFE2D5CE2C20010CA50 /* MovieCacheProtocol.swift */; };
		8B6FEC032D5CE3790010CA50 /* DependencyContainer.swift in Sources */ = {isa = PBXBuildFile; fileRef = 8B6FEC022D5CE3790010CA50 /* DependencyContainer.swift */; };
		8B6FEC062D5CE4BA0010CA50 /* MovieRemoteDataSource.swift in Sources */ = {isa = PBXBuildFile; fileRef = 8B6FEC052D5CE4BA0010CA50 /* MovieRemoteDataSource.swift */; };
		8B6FEC092D5DF3510010CA50 /* CoreDataMovieCache.swift in Sources */ = {isa = PBXBuildFile; fileRef = 8B6FEC082D5DF3510010CA50 /* CoreDataMovieCache.swift */; };
		8B6FEC0C2D5DFEC80010CA50 /* Model.xcdatamodeld in Sources */ = {isa = PBXBuildFile; fileRef = 8B6FEC0A2D5DFEC80010CA50 /* Model.xcdatamodeld */; };
		8B965AF12D5BDE9200517167 /* APIEndpointContract.swift in Sources */ = {isa = PBXBuildFile; fileRef = 8B965AF02D5BDE9200517167 /* APIEndpointContract.swift */; };
		8BDBA3222D5BEED0004BF771 /* ErrorManager.swift in Sources */ = {isa = PBXBuildFile; fileRef = 8BDBA3212D5BEED0004BF771 /* ErrorManager.swift */; };
		8BDBA3242D5BFA2D004BF771 /* MovieCardView.swift in Sources */ = {isa = PBXBuildFile; fileRef = 8BDBA3232D5BFA2D004BF771 /* MovieCardView.swift */; };
		8BDBA3262D5C102F004BF771 /* MainTabView.swift in Sources */ = {isa = PBXBuildFile; fileRef = 8BDBA3252D5C102F004BF771 /* MainTabView.swift */; };
		8BDBA3282D5C1443004BF771 /* Movie.swift in Sources */ = {isa = PBXBuildFile; fileRef = 8BDBA3272D5C1443004BF771 /* Movie.swift */; };
		8BDBA32A2D5C1470004BF771 /* MovieListViewModel.swift in Sources */ = {isa = PBXBuildFile; fileRef = 8BDBA3292D5C1470004BF771 /* MovieListViewModel.swift */; };
		8BDBA32C2D5C14A7004BF771 /* MovieListView.swift in Sources */ = {isa = PBXBuildFile; fileRef = 8BDBA32B2D5C14A7004BF771 /* MovieListView.swift */; };
		8BF498902D5B607C008CB955 /* MovieDBApp.swift in Sources */ = {isa = PBXBuildFile; fileRef = 8BF4988F2D5B607C008CB955 /* MovieDBApp.swift */; };
		8BF498942D5B607E008CB955 /* Assets.xcassets in Resources */ = {isa = PBXBuildFile; fileRef = 8BF498932D5B607E008CB955 /* Assets.xcassets */; };
		8BF498982D5B607E008CB955 /* Preview Assets.xcassets in Resources */ = {isa = PBXBuildFile; fileRef = 8BF498972D5B607E008CB955 /* Preview Assets.xcassets */; };
		8BF498A52D5B626D008CB955 /* NetworkManager.swift in Sources */ = {isa = PBXBuildFile; fileRef = 8BF498A42D5B626D008CB955 /* NetworkManager.swift */; };
		8BF498A72D5B629D008CB955 /* NetworkService.swift in Sources */ = {isa = PBXBuildFile; fileRef = 8BF498A62D5B629D008CB955 /* NetworkService.swift */; };
		8BF498A92D5B62CB008CB955 /* APIEndpoint.swift in Sources */ = {isa = PBXBuildFile; fileRef = 8BF498A82D5B62CB008CB955 /* APIEndpoint.swift */; };
		8BF498AB2D5B62F2008CB955 /* Configuration.swift in Sources */ = {isa = PBXBuildFile; fileRef = 8BF498AA2D5B62F2008CB955 /* Configuration.swift */; };
		8BF498AD2D5B632F008CB955 /* AppError.swift in Sources */ = {isa = PBXBuildFile; fileRef = 8BF498AC2D5B632F008CB955 /* AppError.swift */; };
		8BF498AF2D5B6367008CB955 /* NetworkMonitor.swift in Sources */ = {isa = PBXBuildFile; fileRef = 8BF498AE2D5B6367008CB955 /* NetworkMonitor.swift */; };
/* End PBXBuildFile section */

/* Begin PBXFileReference section */
		8B6FEBE12D5CC4D90010CA50 /* ViewState.swift */ = {isa = PBXFileReference; lastKnownFileType = sourcecode.swift; path = ViewState.swift; sourceTree = "<group>"; };
		8B6FEBE62D5CE12D0010CA50 /* MovieCategory.swift */ = {isa = PBXFileReference; lastKnownFileType = sourcecode.swift; path = MovieCategory.swift; sourceTree = "<group>"; };
		8B6FEBE92D5CE1550010CA50 /* MovieRepositoryProtocol.swift */ = {isa = PBXFileReference; lastKnownFileType = sourcecode.swift; path = MovieRepositoryProtocol.swift; sourceTree = "<group>"; };
		8B6FEBEC2D5CE1930010CA50 /* FetchMoviesUseCase.swift */ = {isa = PBXFileReference; lastKnownFileType = sourcecode.swift; path = FetchMoviesUseCase.swift; sourceTree = "<group>"; };
		8B6FEBF02D5CE1C40010CA50 /* MovieRepository.swift */ = {isa = PBXFileReference; lastKnownFileType = sourcecode.swift; path = MovieRepository.swift; sourceTree = "<group>"; };
		8B6FEBF32D5CE1E50010CA50 /* MovieRemoteDataSourceProtocol.swift */ = {isa = PBXFileReference; lastKnownFileType = sourcecode.swift; path = MovieRemoteDataSourceProtocol.swift; sourceTree = "<group>"; };
		8B6FEBF52D5CE2010010CA50 /* MovieLocalDataSourceProtocol.swift */ = {isa = PBXFileReference; lastKnownFileType = sourcecode.swift; path = MovieLocalDataSourceProtocol.swift; sourceTree = "<group>"; };
		8B6FEBFB2D5CE28E0010CA50 /* MovieLocalDataSource.swift */ = {isa = PBXFileReference; lastKnownFileType = sourcecode.swift; path = MovieLocalDataSource.swift; sourceTree = "<group>"; };
		8B6FEBFE2D5CE2C20010CA50 /* MovieCacheProtocol.swift */ = {isa = PBXFileReference; lastKnownFileType = sourcecode.swift; path = MovieCacheProtocol.swift; sourceTree = "<group>"; };
		8B6FEC022D5CE3790010CA50 /* DependencyContainer.swift */ = {isa = PBXFileReference; lastKnownFileType = sourcecode.swift; path = DependencyContainer.swift; sourceTree = "<group>"; };
		8B6FEC052D5CE4BA0010CA50 /* MovieRemoteDataSource.swift */ = {isa = PBXFileReference; lastKnownFileType = sourcecode.swift; path = MovieRemoteDataSource.swift; sourceTree = "<group>"; };
		8B6FEC082D5DF3510010CA50 /* CoreDataMovieCache.swift */ = {isa = PBXFileReference; lastKnownFileType = sourcecode.swift; path = CoreDataMovieCache.swift; sourceTree = "<group>"; };
		8B6FEC0B2D5DFEC80010CA50 /* Model.xcdatamodel */ = {isa = PBXFileReference; lastKnownFileType = wrapper.xcdatamodel; path = Model.xcdatamodel; sourceTree = "<group>"; };
		8B965AF02D5BDE9200517167 /* APIEndpointContract.swift */ = {isa = PBXFileReference; lastKnownFileType = sourcecode.swift; path = APIEndpointContract.swift; sourceTree = "<group>"; };
		8BDBA3212D5BEED0004BF771 /* ErrorManager.swift */ = {isa = PBXFileReference; lastKnownFileType = sourcecode.swift; path = ErrorManager.swift; sourceTree = "<group>"; };
		8BDBA3232D5BFA2D004BF771 /* MovieCardView.swift */ = {isa = PBXFileReference; lastKnownFileType = sourcecode.swift; path = MovieCardView.swift; sourceTree = "<group>"; };
		8BDBA3252D5C102F004BF771 /* MainTabView.swift */ = {isa = PBXFileReference; lastKnownFileType = sourcecode.swift; path = MainTabView.swift; sourceTree = "<group>"; };
		8BDBA3272D5C1443004BF771 /* Movie.swift */ = {isa = PBXFileReference; lastKnownFileType = sourcecode.swift; path = Movie.swift; sourceTree = "<group>"; };
		8BDBA3292D5C1470004BF771 /* MovieListViewModel.swift */ = {isa = PBXFileReference; lastKnownFileType = sourcecode.swift; path = MovieListViewModel.swift; sourceTree = "<group>"; };
		8BDBA32B2D5C14A7004BF771 /* MovieListView.swift */ = {isa = PBXFileReference; lastKnownFileType = sourcecode.swift; path = MovieListView.swift; sourceTree = "<group>"; };
		8BF4988C2D5B607C008CB955 /* MovieDB.app */ = {isa = PBXFileReference; explicitFileType = wrapper.application; includeInIndex = 0; path = MovieDB.app; sourceTree = BUILT_PRODUCTS_DIR; };
		8BF4988F2D5B607C008CB955 /* MovieDBApp.swift */ = {isa = PBXFileReference; lastKnownFileType = sourcecode.swift; path = MovieDBApp.swift; sourceTree = "<group>"; };
		8BF498932D5B607E008CB955 /* Assets.xcassets */ = {isa = PBXFileReference; lastKnownFileType = folder.assetcatalog; path = Assets.xcassets; sourceTree = "<group>"; };
		8BF498952D5B607E008CB955 /* MovieDB.entitlements */ = {isa = PBXFileReference; lastKnownFileType = text.plist.entitlements; path = MovieDB.entitlements; sourceTree = "<group>"; };
		8BF498972D5B607E008CB955 /* Preview Assets.xcassets */ = {isa = PBXFileReference; lastKnownFileType = folder.assetcatalog; path = "Preview Assets.xcassets"; sourceTree = "<group>"; };
		8BF498A42D5B626D008CB955 /* NetworkManager.swift */ = {isa = PBXFileReference; lastKnownFileType = sourcecode.swift; path = NetworkManager.swift; sourceTree = "<group>"; };
		8BF498A62D5B629D008CB955 /* NetworkService.swift */ = {isa = PBXFileReference; lastKnownFileType = sourcecode.swift; path = NetworkService.swift; sourceTree = "<group>"; };
		8BF498A82D5B62CB008CB955 /* APIEndpoint.swift */ = {isa = PBXFileReference; lastKnownFileType = sourcecode.swift; path = APIEndpoint.swift; sourceTree = "<group>"; };
		8BF498AA2D5B62F2008CB955 /* Configuration.swift */ = {isa = PBXFileReference; lastKnownFileType = sourcecode.swift; path = Configuration.swift; sourceTree = "<group>"; };
		8BF498AC2D5B632F008CB955 /* AppError.swift */ = {isa = PBXFileReference; lastKnownFileType = sourcecode.swift; path = AppError.swift; sourceTree = "<group>"; };
		8BF498AE2D5B6367008CB955 /* NetworkMonitor.swift */ = {isa = PBXFileReference; lastKnownFileType = sourcecode.swift; path = NetworkMonitor.swift; sourceTree = "<group>"; };
/* End PBXFileReference section */

/* Begin PBXFrameworksBuildPhase section */
		8BF498892D5B607C008CB955 /* Frameworks */ = {
			isa = PBXFrameworksBuildPhase;
			buildActionMask = 2147483647;
			files = (
			);
			runOnlyForDeploymentPostprocessing = 0;
		};
/* End PBXFrameworksBuildPhase section */

/* Begin PBXGroup section */
		8B3A0BBF2D5E648500626726 /* Listing */ = {
			isa = PBXGroup;
			children = (
				8B6FEBEE2D5CE1AD0010CA50 /* Data */,
				8B6FEBE32D5CE0E60010CA50 /* Domain */,
				8B6FEC002D5CE3350010CA50 /* Presentation */,
			);
			path = Listing;
			sourceTree = "<group>";
		};
		8B6FEBE32D5CE0E60010CA50 /* Domain */ = {
			isa = PBXGroup;
			children = (
				8B6FEBE42D5CE1020010CA50 /* Entities */,
				8B6FEBE52D5CE1240010CA50 /* Enums */,
				8B6FEBE82D5CE1470010CA50 /* Repositories */,
				8B6FEBEB2D5CE16B0010CA50 /* UseCases */,
			);
			path = Domain;
			sourceTree = "<group>";
		};
		8B6FEBE42D5CE1020010CA50 /* Entities */ = {
			isa = PBXGroup;
			children = (
				8BDBA3272D5C1443004BF771 /* Movie.swift */,
			);
			path = Entities;
			sourceTree = "<group>";
		};
		8B6FEBE52D5CE1240010CA50 /* Enums */ = {
			isa = PBXGroup;
			children = (
				8B6FEBE62D5CE12D0010CA50 /* MovieCategory.swift */,
			);
			path = Enums;
			sourceTree = "<group>";
		};
		8B6FEBE82D5CE1470010CA50 /* Repositories */ = {
			isa = PBXGroup;
			children = (
				8B6FEBE92D5CE1550010CA50 /* MovieRepositoryProtocol.swift */,
			);
			path = Repositories;
			sourceTree = "<group>";
		};
		8B6FEBEB2D5CE16B0010CA50 /* UseCases */ = {
			isa = PBXGroup;
			children = (
				8B6FEBEC2D5CE1930010CA50 /* FetchMoviesUseCase.swift */,
			);
			path = UseCases;
			sourceTree = "<group>";
		};
		8B6FEBEE2D5CE1AD0010CA50 /* Data */ = {
			isa = PBXGroup;
			children = (
				8B6FEBF22D5CE1DB0010CA50 /* DataSources */,
				8B6FEBEF2D5CE1B80010CA50 /* Repositories */,
				8B6FEBFD2D5CE2B40010CA50 /* Cache */,
			);
			path = Data;
			sourceTree = "<group>";
		};
		8B6FEBEF2D5CE1B80010CA50 /* Repositories */ = {
			isa = PBXGroup;
			children = (
				8B6FEBF02D5CE1C40010CA50 /* MovieRepository.swift */,
			);
			path = Repositories;
			sourceTree = "<group>";
		};
		8B6FEBF22D5CE1DB0010CA50 /* DataSources */ = {
			isa = PBXGroup;
			children = (
				8B6FEBF82D5CE24B0010CA50 /* Local */,
				8B6FEBF72D5CE2420010CA50 /* Remote */,
				8B6FEBF32D5CE1E50010CA50 /* MovieRemoteDataSourceProtocol.swift */,
				8B6FEBF52D5CE2010010CA50 /* MovieLocalDataSourceProtocol.swift */,
			);
			path = DataSources;
			sourceTree = "<group>";
		};
		8B6FEBF72D5CE2420010CA50 /* Remote */ = {
			isa = PBXGroup;
			children = (
				8B6FEC052D5CE4BA0010CA50 /* MovieRemoteDataSource.swift */,
			);
			path = Remote;
			sourceTree = "<group>";
		};
		8B6FEBF82D5CE24B0010CA50 /* Local */ = {
			isa = PBXGroup;
			children = (
				8B6FEBFB2D5CE28E0010CA50 /* MovieLocalDataSource.swift */,
			);
			path = Local;
			sourceTree = "<group>";
		};
		8B6FEBFD2D5CE2B40010CA50 /* Cache */ = {
			isa = PBXGroup;
			children = (
				8B6FEBFE2D5CE2C20010CA50 /* MovieCacheProtocol.swift */,
			);
			path = Cache;
			sourceTree = "<group>";
		};
		8B6FEC002D5CE3350010CA50 /* Presentation */ = {
			isa = PBXGroup;
			children = (
				8B6FEC012D5CE33D0010CA50 /* ViewModels */,
				8B6FEC042D5CE3930010CA50 /* Screens */,
			);
			path = Presentation;
			sourceTree = "<group>";
		};
		8B6FEC012D5CE33D0010CA50 /* ViewModels */ = {
			isa = PBXGroup;
			children = (
				8BDBA3292D5C1470004BF771 /* MovieListViewModel.swift */,
			);
			path = ViewModels;
			sourceTree = "<group>";
		};
		8B6FEC042D5CE3930010CA50 /* Screens */ = {
			isa = PBXGroup;
			children = (
				8BDBA3252D5C102F004BF771 /* MainTabView.swift */,
				8BDBA3232D5BFA2D004BF771 /* MovieCardView.swift */,
				8BDBA32B2D5C14A7004BF771 /* MovieListView.swift */,
			);
			path = Screens;
			sourceTree = "<group>";
		};
		8B6FEC072D5DF33E0010CA50 /* CoreData */ = {
			isa = PBXGroup;
			children = (
				8B6FEC082D5DF3510010CA50 /* CoreDataMovieCache.swift */,
				8B6FEC0A2D5DFEC80010CA50 /* Model.xcdatamodeld */,
			);
			path = CoreData;
			sourceTree = "<group>";
		};
		8BDBA3202D5BEEB9004BF771 /* Utilities */ = {
			isa = PBXGroup;
			children = (
				8BF498AE2D5B6367008CB955 /* NetworkMonitor.swift */,
				8BDBA3212D5BEED0004BF771 /* ErrorManager.swift */,
				8B6FEBE12D5CC4D90010CA50 /* ViewState.swift */,
			);
			path = Utilities;
			sourceTree = "<group>";
		};
		8BF498832D5B607C008CB955 = {
			isa = PBXGroup;
			children = (
				8BF4988E2D5B607C008CB955 /* MovieDB */,
				8BF4988D2D5B607C008CB955 /* Products */,
			);
			sourceTree = "<group>";
		};
		8BF4988D2D5B607C008CB955 /* Products */ = {
			isa = PBXGroup;
			children = (
				8BF4988C2D5B607C008CB955 /* MovieDB.app */,
			);
			name = Products;
			sourceTree = "<group>";
		};
		8BF4988E2D5B607C008CB955 /* MovieDB */ = {
			isa = PBXGroup;
			children = (
				8B3A0BBF2D5E648500626726 /* Listing */,
				8BF498A12D5B6216008CB955 /* Core */,
				8BF4988F2D5B607C008CB955 /* MovieDBApp.swift */,
				8BF498932D5B607E008CB955 /* Assets.xcassets */,
				8BF498952D5B607E008CB955 /* MovieDB.entitlements */,
				8BF498962D5B607E008CB955 /* Preview Content */,
			);
			path = MovieDB;
			sourceTree = "<group>";
		};
		8BF498962D5B607E008CB955 /* Preview Content */ = {
			isa = PBXGroup;
			children = (
				8BF498972D5B607E008CB955 /* Preview Assets.xcassets */,
			);
			path = "Preview Content";
			sourceTree = "<group>";
		};
		8BF498A12D5B6216008CB955 /* Core */ = {
			isa = PBXGroup;
			children = (
				8BF498AA2D5B62F2008CB955 /* Configuration.swift */,
				8BF498A22D5B622E008CB955 /* Networking */,
				8B6FEC072D5DF33E0010CA50 /* CoreData */,
				8BDBA3202D5BEEB9004BF771 /* Utilities */,
				8B6FEC022D5CE3790010CA50 /* DependencyContainer.swift */,
			);
			path = Core;
			sourceTree = "<group>";
		};
		8BF498A22D5B622E008CB955 /* Networking */ = {
			isa = PBXGroup;
			children = (
				8BF498A42D5B626D008CB955 /* NetworkManager.swift */,
				8BF498A62D5B629D008CB955 /* NetworkService.swift */,
				8BF498A82D5B62CB008CB955 /* APIEndpoint.swift */,
				8B965AF02D5BDE9200517167 /* APIEndpointContract.swift */,
				8BF498AC2D5B632F008CB955 /* AppError.swift */,
			);
			path = Networking;
			sourceTree = "<group>";
		};
/* End PBXGroup section */

/* Begin PBXNativeTarget section */
		8BF4988B2D5B607C008CB955 /* MovieDB */ = {
			isa = PBXNativeTarget;
			buildConfigurationList = 8BF4989B2D5B607E008CB955 /* Build configuration list for PBXNativeTarget "MovieDB" */;
			buildPhases = (
				8BF498882D5B607C008CB955 /* Sources */,
				8BF498892D5B607C008CB955 /* Frameworks */,
				8BF4988A2D5B607C008CB955 /* Resources */,
			);
			buildRules = (
			);
			dependencies = (
			);
			name = MovieDB;
			productName = MovieDB;
			productReference = 8BF4988C2D5B607C008CB955 /* MovieDB.app */;
			productType = "com.apple.product-type.application";
		};
/* End PBXNativeTarget section */

/* Begin PBXProject section */
		8BF498842D5B607C008CB955 /* Project object */ = {
			isa = PBXProject;
			attributes = {
				BuildIndependentTargetsInParallel = 1;
				LastSwiftUpdateCheck = 1540;
				LastUpgradeCheck = 1540;
				TargetAttributes = {
					8BF4988B2D5B607C008CB955 = {
						CreatedOnToolsVersion = 15.4;
					};
				};
			};
			buildConfigurationList = 8BF498872D5B607C008CB955 /* Build configuration list for PBXProject "MovieDB" */;
			compatibilityVersion = "Xcode 14.0";
			developmentRegion = en;
			hasScannedForEncodings = 0;
			knownRegions = (
				en,
				Base,
			);
			mainGroup = 8BF498832D5B607C008CB955;
			productRefGroup = 8BF4988D2D5B607C008CB955 /* Products */;
			projectDirPath = "";
			projectRoot = "";
			targets = (
				8BF4988B2D5B607C008CB955 /* MovieDB */,
			);
		};
/* End PBXProject section */

/* Begin PBXResourcesBuildPhase section */
		8BF4988A2D5B607C008CB955 /* Resources */ = {
			isa = PBXResourcesBuildPhase;
			buildActionMask = 2147483647;
			files = (
				8BF498982D5B607E008CB955 /* Preview Assets.xcassets in Resources */,
				8BF498942D5B607E008CB955 /* Assets.xcassets in Resources */,
			);
			runOnlyForDeploymentPostprocessing = 0;
		};
/* End PBXResourcesBuildPhase section */

/* Begin PBXSourcesBuildPhase section */
		8BF498882D5B607C008CB955 /* Sources */ = {
			isa = PBXSourcesBuildPhase;
			buildActionMask = 2147483647;
			files = (
				8BF498AB2D5B62F2008CB955 /* Configuration.swift in Sources */,
				8BDBA32C2D5C14A7004BF771 /* MovieListView.swift in Sources */,
				8B6FEBE22D5CC4D90010CA50 /* ViewState.swift in Sources */,
				8BF498AF2D5B6367008CB955 /* NetworkMonitor.swift in Sources */,
				8BF498A52D5B626D008CB955 /* NetworkManager.swift in Sources */,
				8B6FEC0C2D5DFEC80010CA50 /* Model.xcdatamodeld in Sources */,
				8BF498A72D5B629D008CB955 /* NetworkService.swift in Sources */,
				8B6FEBF62D5CE2010010CA50 /* MovieLocalDataSourceProtocol.swift in Sources */,
				8BF498902D5B607C008CB955 /* MovieDBApp.swift in Sources */,
				8BDBA32A2D5C1470004BF771 /* MovieListViewModel.swift in Sources */,
				8B6FEBFF2D5CE2C20010CA50 /* MovieCacheProtocol.swift in Sources */,
				8B6FEBF12D5CE1C40010CA50 /* MovieRepository.swift in Sources */,
				8B6FEC032D5CE3790010CA50 /* DependencyContainer.swift in Sources */,
				8BF498A92D5B62CB008CB955 /* APIEndpoint.swift in Sources */,
				8BDBA3242D5BFA2D004BF771 /* MovieCardView.swift in Sources */,
				8B6FEBF42D5CE1E50010CA50 /* MovieRemoteDataSourceProtocol.swift in Sources */,
				8BDBA3282D5C1443004BF771 /* Movie.swift in Sources */,
				8B6FEC092D5DF3510010CA50 /* CoreDataMovieCache.swift in Sources */,
				8BF498AD2D5B632F008CB955 /* AppError.swift in Sources */,
				8B6FEBE72D5CE12D0010CA50 /* MovieCategory.swift in Sources */,
				8B6FEBEA2D5CE1550010CA50 /* MovieRepositoryProtocol.swift in Sources */,
				8B6FEBFC2D5CE28E0010CA50 /* MovieLocalDataSource.swift in Sources */,
				8BDBA3222D5BEED0004BF771 /* ErrorManager.swift in Sources */,
				8B6FEC062D5CE4BA0010CA50 /* MovieRemoteDataSource.swift in Sources */,
				8B6FEBED2D5CE1930010CA50 /* FetchMoviesUseCase.swift in Sources */,
				8B965AF12D5BDE9200517167 /* APIEndpointContract.swift in Sources */,
				8BDBA3262D5C102F004BF771 /* MainTabView.swift in Sources */,
			);
			runOnlyForDeploymentPostprocessing = 0;
		};
/* End PBXSourcesBuildPhase section */

/* Begin XCBuildConfiguration section */
		8BF498992D5B607E008CB955 /* Debug */ = {
			isa = XCBuildConfiguration;
			buildSettings = {
				ALWAYS_SEARCH_USER_PATHS = NO;
				ASSETCATALOG_COMPILER_GENERATE_SWIFT_ASSET_SYMBOL_EXTENSIONS = YES;
				CLANG_ANALYZER_NONNULL = YES;
				CLANG_ANALYZER_NUMBER_OBJECT_CONVERSION = YES_AGGRESSIVE;
				CLANG_CXX_LANGUAGE_STANDARD = "gnu++20";
				CLANG_ENABLE_MODULES = YES;
				CLANG_ENABLE_OBJC_ARC = YES;
				CLANG_ENABLE_OBJC_WEAK = YES;
				CLANG_WARN_BLOCK_CAPTURE_AUTORELEASING = YES;
				CLANG_WARN_BOOL_CONVERSION = YES;
				CLANG_WARN_COMMA = YES;
				CLANG_WARN_CONSTANT_CONVERSION = YES;
				CLANG_WARN_DEPRECATED_OBJC_IMPLEMENTATIONS = YES;
				CLANG_WARN_DIRECT_OBJC_ISA_USAGE = YES_ERROR;
				CLANG_WARN_DOCUMENTATION_COMMENTS = YES;
				CLANG_WARN_EMPTY_BODY = YES;
				CLANG_WARN_ENUM_CONVERSION = YES;
				CLANG_WARN_INFINITE_RECURSION = YES;
				CLANG_WARN_INT_CONVERSION = YES;
				CLANG_WARN_NON_LITERAL_NULL_CONVERSION = YES;
				CLANG_WARN_OBJC_IMPLICIT_RETAIN_SELF = YES;
				CLANG_WARN_OBJC_LITERAL_CONVERSION = YES;
				CLANG_WARN_OBJC_ROOT_CLASS = YES_ERROR;
				CLANG_WARN_QUOTED_INCLUDE_IN_FRAMEWORK_HEADER = YES;
				CLANG_WARN_RANGE_LOOP_ANALYSIS = YES;
				CLANG_WARN_STRICT_PROTOTYPES = YES;
				CLANG_WARN_SUSPICIOUS_MOVE = YES;
				CLANG_WARN_UNGUARDED_AVAILABILITY = YES_AGGRESSIVE;
				CLANG_WARN_UNREACHABLE_CODE = YES;
				CLANG_WARN__DUPLICATE_METHOD_MATCH = YES;
				COPY_PHASE_STRIP = NO;
				DEBUG_INFORMATION_FORMAT = dwarf;
				ENABLE_STRICT_OBJC_MSGSEND = YES;
				ENABLE_TESTABILITY = YES;
				ENABLE_USER_SCRIPT_SANDBOXING = YES;
				GCC_C_LANGUAGE_STANDARD = gnu17;
				GCC_DYNAMIC_NO_PIC = NO;
				GCC_NO_COMMON_BLOCKS = YES;
				GCC_OPTIMIZATION_LEVEL = 0;
				GCC_PREPROCESSOR_DEFINITIONS = (
					"DEBUG=1",
					"$(inherited)",
				);
				GCC_WARN_64_TO_32_BIT_CONVERSION = YES;
				GCC_WARN_ABOUT_RETURN_TYPE = YES_ERROR;
				GCC_WARN_UNDECLARED_SELECTOR = YES;
				GCC_WARN_UNINITIALIZED_AUTOS = YES_AGGRESSIVE;
				GCC_WARN_UNUSED_FUNCTION = YES;
				GCC_WARN_UNUSED_VARIABLE = YES;
				LOCALIZATION_PREFERS_STRING_CATALOGS = YES;
				MTL_ENABLE_DEBUG_INFO = INCLUDE_SOURCE;
				MTL_FAST_MATH = YES;
				ONLY_ACTIVE_ARCH = YES;
				SWIFT_ACTIVE_COMPILATION_CONDITIONS = "DEBUG $(inherited)";
				SWIFT_OPTIMIZATION_LEVEL = "-Onone";
			};
			name = Debug;
		};
		8BF4989A2D5B607E008CB955 /* Release */ = {
			isa = XCBuildConfiguration;
			buildSettings = {
				ALWAYS_SEARCH_USER_PATHS = NO;
				ASSETCATALOG_COMPILER_GENERATE_SWIFT_ASSET_SYMBOL_EXTENSIONS = YES;
				CLANG_ANALYZER_NONNULL = YES;
				CLANG_ANALYZER_NUMBER_OBJECT_CONVERSION = YES_AGGRESSIVE;
				CLANG_CXX_LANGUAGE_STANDARD = "gnu++20";
				CLANG_ENABLE_MODULES = YES;
				CLANG_ENABLE_OBJC_ARC = YES;
				CLANG_ENABLE_OBJC_WEAK = YES;
				CLANG_WARN_BLOCK_CAPTURE_AUTORELEASING = YES;
				CLANG_WARN_BOOL_CONVERSION = YES;
				CLANG_WARN_COMMA = YES;
				CLANG_WARN_CONSTANT_CONVERSION = YES;
				CLANG_WARN_DEPRECATED_OBJC_IMPLEMENTATIONS = YES;
				CLANG_WARN_DIRECT_OBJC_ISA_USAGE = YES_ERROR;
				CLANG_WARN_DOCUMENTATION_COMMENTS = YES;
				CLANG_WARN_EMPTY_BODY = YES;
				CLANG_WARN_ENUM_CONVERSION = YES;
				CLANG_WARN_INFINITE_RECURSION = YES;
				CLANG_WARN_INT_CONVERSION = YES;
				CLANG_WARN_NON_LITERAL_NULL_CONVERSION = YES;
				CLANG_WARN_OBJC_IMPLICIT_RETAIN_SELF = YES;
				CLANG_WARN_OBJC_LITERAL_CONVERSION = YES;
				CLANG_WARN_OBJC_ROOT_CLASS = YES_ERROR;
				CLANG_WARN_QUOTED_INCLUDE_IN_FRAMEWORK_HEADER = YES;
				CLANG_WARN_RANGE_LOOP_ANALYSIS = YES;
				CLANG_WARN_STRICT_PROTOTYPES = YES;
				CLANG_WARN_SUSPICIOUS_MOVE = YES;
				CLANG_WARN_UNGUARDED_AVAILABILITY = YES_AGGRESSIVE;
				CLANG_WARN_UNREACHABLE_CODE = YES;
				CLANG_WARN__DUPLICATE_METHOD_MATCH = YES;
				COPY_PHASE_STRIP = NO;
				DEBUG_INFORMATION_FORMAT = "dwarf-with-dsym";
				ENABLE_NS_ASSERTIONS = NO;
				ENABLE_STRICT_OBJC_MSGSEND = YES;
				ENABLE_USER_SCRIPT_SANDBOXING = YES;
				GCC_C_LANGUAGE_STANDARD = gnu17;
				GCC_NO_COMMON_BLOCKS = YES;
				GCC_WARN_64_TO_32_BIT_CONVERSION = YES;
				GCC_WARN_ABOUT_RETURN_TYPE = YES_ERROR;
				GCC_WARN_UNDECLARED_SELECTOR = YES;
				GCC_WARN_UNINITIALIZED_AUTOS = YES_AGGRESSIVE;
				GCC_WARN_UNUSED_FUNCTION = YES;
				GCC_WARN_UNUSED_VARIABLE = YES;
				LOCALIZATION_PREFERS_STRING_CATALOGS = YES;
				MTL_ENABLE_DEBUG_INFO = NO;
				MTL_FAST_MATH = YES;
				SWIFT_COMPILATION_MODE = wholemodule;
			};
			name = Release;
		};
		8BF4989C2D5B607E008CB955 /* Debug */ = {
			isa = XCBuildConfiguration;
			buildSettings = {
				ASSETCATALOG_COMPILER_APPICON_NAME = AppIcon;
				ASSETCATALOG_COMPILER_GLOBAL_ACCENT_COLOR_NAME = AccentColor;
				CODE_SIGN_ENTITLEMENTS = MovieDB/MovieDB.entitlements;
				CODE_SIGN_STYLE = Automatic;
				CURRENT_PROJECT_VERSION = 1;
				DEVELOPMENT_ASSET_PATHS = "\"MovieDB/Preview Content\"";
				DEVELOPMENT_TEAM = B6P4SMG8TM;
				ENABLE_HARDENED_RUNTIME = YES;
				ENABLE_PREVIEWS = YES;
				GENERATE_INFOPLIST_FILE = YES;
				"INFOPLIST_KEY_UIApplicationSceneManifest_Generation[sdk=iphoneos*]" = YES;
				"INFOPLIST_KEY_UIApplicationSceneManifest_Generation[sdk=iphonesimulator*]" = YES;
				"INFOPLIST_KEY_UIApplicationSupportsIndirectInputEvents[sdk=iphoneos*]" = YES;
				"INFOPLIST_KEY_UIApplicationSupportsIndirectInputEvents[sdk=iphonesimulator*]" = YES;
				"INFOPLIST_KEY_UILaunchScreen_Generation[sdk=iphoneos*]" = YES;
				"INFOPLIST_KEY_UILaunchScreen_Generation[sdk=iphonesimulator*]" = YES;
				"INFOPLIST_KEY_UIStatusBarStyle[sdk=iphoneos*]" = UIStatusBarStyleDefault;
				"INFOPLIST_KEY_UIStatusBarStyle[sdk=iphonesimulator*]" = UIStatusBarStyleDefault;
				INFOPLIST_KEY_UISupportedInterfaceOrientations_iPad = "UIInterfaceOrientationPortrait UIInterfaceOrientationPortraitUpsideDown UIInterfaceOrientationLandscapeLeft UIInterfaceOrientationLandscapeRight";
				INFOPLIST_KEY_UISupportedInterfaceOrientations_iPhone = "UIInterfaceOrientationPortrait UIInterfaceOrientationLandscapeLeft UIInterfaceOrientationLandscapeRight";
				IPHONEOS_DEPLOYMENT_TARGET = 17.5;
				LD_RUNPATH_SEARCH_PATHS = "@executable_path/Frameworks";
				"LD_RUNPATH_SEARCH_PATHS[sdk=macosx*]" = "@executable_path/../Frameworks";
				MACOSX_DEPLOYMENT_TARGET = 14.5;
				MARKETING_VERSION = 1.0;
				PRODUCT_BUNDLE_IDENTIFIER = com.challenge05.MovieDB;
				PRODUCT_NAME = "$(TARGET_NAME)";
				SDKROOT = auto;
				SUPPORTED_PLATFORMS = "iphoneos iphonesimulator macosx";
				SWIFT_EMIT_LOC_STRINGS = YES;
				SWIFT_VERSION = 5.0;
				TARGETED_DEVICE_FAMILY = "1,2";
			};
			name = Debug;
		};
		8BF4989D2D5B607E008CB955 /* Release */ = {
			isa = XCBuildConfiguration;
			buildSettings = {
				ASSETCATALOG_COMPILER_APPICON_NAME = AppIcon;
				ASSETCATALOG_COMPILER_GLOBAL_ACCENT_COLOR_NAME = AccentColor;
				CODE_SIGN_ENTITLEMENTS = MovieDB/MovieDB.entitlements;
				CODE_SIGN_STYLE = Automatic;
				CURRENT_PROJECT_VERSION = 1;
				DEVELOPMENT_ASSET_PATHS = "\"MovieDB/Preview Content\"";
				DEVELOPMENT_TEAM = B6P4SMG8TM;
				ENABLE_HARDENED_RUNTIME = YES;
				ENABLE_PREVIEWS = YES;
				GENERATE_INFOPLIST_FILE = YES;
				"INFOPLIST_KEY_UIApplicationSceneManifest_Generation[sdk=iphoneos*]" = YES;
				"INFOPLIST_KEY_UIApplicationSceneManifest_Generation[sdk=iphonesimulator*]" = YES;
				"INFOPLIST_KEY_UIApplicationSupportsIndirectInputEvents[sdk=iphoneos*]" = YES;
				"INFOPLIST_KEY_UIApplicationSupportsIndirectInputEvents[sdk=iphonesimulator*]" = YES;
				"INFOPLIST_KEY_UILaunchScreen_Generation[sdk=iphoneos*]" = YES;
				"INFOPLIST_KEY_UILaunchScreen_Generation[sdk=iphonesimulator*]" = YES;
				"INFOPLIST_KEY_UIStatusBarStyle[sdk=iphoneos*]" = UIStatusBarStyleDefault;
				"INFOPLIST_KEY_UIStatusBarStyle[sdk=iphonesimulator*]" = UIStatusBarStyleDefault;
				INFOPLIST_KEY_UISupportedInterfaceOrientations_iPad = "UIInterfaceOrientationPortrait UIInterfaceOrientationPortraitUpsideDown UIInterfaceOrientationLandscapeLeft UIInterfaceOrientationLandscapeRight";
				INFOPLIST_KEY_UISupportedInterfaceOrientations_iPhone = "UIInterfaceOrientationPortrait UIInterfaceOrientationLandscapeLeft UIInterfaceOrientationLandscapeRight";
				IPHONEOS_DEPLOYMENT_TARGET = 17.5;
				LD_RUNPATH_SEARCH_PATHS = "@executable_path/Frameworks";
				"LD_RUNPATH_SEARCH_PATHS[sdk=macosx*]" = "@executable_path/../Frameworks";
				MACOSX_DEPLOYMENT_TARGET = 14.5;
				MARKETING_VERSION = 1.0;
				PRODUCT_BUNDLE_IDENTIFIER = com.challenge05.MovieDB;
				PRODUCT_NAME = "$(TARGET_NAME)";
				SDKROOT = auto;
				SUPPORTED_PLATFORMS = "iphoneos iphonesimulator macosx";
				SWIFT_EMIT_LOC_STRINGS = YES;
				SWIFT_VERSION = 5.0;
				TARGETED_DEVICE_FAMILY = "1,2";
			};
			name = Release;
		};
/* End XCBuildConfiguration section */

/* Begin XCConfigurationList section */
		8BF498872D5B607C008CB955 /* Build configuration list for PBXProject "MovieDB" */ = {
			isa = XCConfigurationList;
			buildConfigurations = (
				8BF498992D5B607E008CB955 /* Debug */,
				8BF4989A2D5B607E008CB955 /* Release */,
			);
			defaultConfigurationIsVisible = 0;
			defaultConfigurationName = Release;
		};
		8BF4989B2D5B607E008CB955 /* Build configuration list for PBXNativeTarget "MovieDB" */ = {
			isa = XCConfigurationList;
			buildConfigurations = (
				8BF4989C2D5B607E008CB955 /* Debug */,
				8BF4989D2D5B607E008CB955 /* Release */,
			);
			defaultConfigurationIsVisible = 0;
			defaultConfigurationName = Release;
		};
/* End XCConfigurationList section */

/* Begin XCVersionGroup section */
		8B6FEC0A2D5DFEC80010CA50 /* Model.xcdatamodeld */ = {
			isa = XCVersionGroup;
			children = (
				8B6FEC0B2D5DFEC80010CA50 /* Model.xcdatamodel */,
			);
			currentVersion = 8B6FEC0B2D5DFEC80010CA50 /* Model.xcdatamodel */;
			name = Model.xcdatamodeld;
			path = "/Users/developer/Documents/My Work/Side Projects/MovieDB/MovieDB/Core/CoreData/Model.xcdatamodeld";
			sourceTree = "<group>";
			versionGroupType = wrapper.xcdatamodel;
		};
/* End XCVersionGroup section */
	};
	rootObject = 8BF498842D5B607C008CB955 /* Project object */;
}
